// !$*UTF8*$!
{
	archiveVersion = 1;
	classes = {
	};
	objectVersion = 55;
	objects = {

/* Begin PBXBuildFile section */
		F805B90B273C509B00C407A1 /* Player1.swift in Sources */ = {isa = PBXBuildFile; fileRef = F805B90A273C509B00C407A1 /* Player1.swift */; };
		F805B90F273C521A00C407A1 /* Player3.swift in Sources */ = {isa = PBXBuildFile; fileRef = F805B90E273C521A00C407A1 /* Player3.swift */; };
		F805B912273C536500C407A1 /* NavigationTitleEnhanced.swift in Sources */ = {isa = PBXBuildFile; fileRef = F805B911273C536500C407A1 /* NavigationTitleEnhanced.swift */; };
		F8A74CA62739619900103635 /* TradingCardAssignmentApp.swift in Sources */ = {isa = PBXBuildFile; fileRef = F8A74CA52739619900103635 /* TradingCardAssignmentApp.swift */; };
		F8A74CA82739619900103635 /* ContentView.swift in Sources */ = {isa = PBXBuildFile; fileRef = F8A74CA72739619900103635 /* ContentView.swift */; };
		F8A74CAA2739619D00103635 /* Assets.xcassets in Resources */ = {isa = PBXBuildFile; fileRef = F8A74CA92739619D00103635 /* Assets.xcassets */; };
		F8A74CAD2739619D00103635 /* Preview Assets.xcassets in Resources */ = {isa = PBXBuildFile; fileRef = F8A74CAC2739619D00103635 /* Preview Assets.xcassets */; };
/* End PBXBuildFile section */

/* Begin PBXFileReference section */
		F805B90A273C509B00C407A1 /* Player1.swift */ = {isa = PBXFileReference; lastKnownFileType = sourcecode.swift; path = Player1.swift; sourceTree = "<group>"; };
		F805B90E273C521A00C407A1 /* Player3.swift */ = {isa = PBXFileReference; lastKnownFileType = sourcecode.swift; path = Player3.swift; sourceTree = "<group>"; };
		F805B911273C536500C407A1 /* NavigationTitleEnhanced.swift */ = {isa = PBXFileReference; lastKnownFileType = sourcecode.swift; path = NavigationTitleEnhanced.swift; sourceTree = "<group>"; };
		F8A74CA22739619900103635 /* TradingCardAssignment.app */ = {isa = PBXFileReference; explicitFileType = wrapper.application; includeInIndex = 0; path = TradingCardAssignment.app; sourceTree = BUILT_PRODUCTS_DIR; };
		F8A74CA52739619900103635 /* TradingCardAssignmentApp.swift */ = {isa = PBXFileReference; lastKnownFileType = sourcecode.swift; path = TradingCardAssignmentApp.swift; sourceTree = "<group>"; };
		F8A74CA72739619900103635 /* ContentView.swift */ = {isa = PBXFileReference; lastKnownFileType = sourcecode.swift; path = ContentView.swift; sourceTree = "<group>"; };
		F8A74CA92739619D00103635 /* Assets.xcassets */ = {isa = PBXFileReference; lastKnownFileType = folder.assetcatalog; path = Assets.xcassets; sourceTree = "<group>"; };
		F8A74CAC2739619D00103635 /* Preview Assets.xcassets */ = {isa = PBXFileReference; lastKnownFileType = folder.assetcatalog; path = "Preview Assets.xcassets"; sourceTree = "<group>"; };
/* End PBXFileReference section */

/* Begin PBXFrameworksBuildPhase section */
		F8A74C9F2739619900103635 /* Frameworks */ = {
			isa = PBXFrameworksBuildPhase;
			buildActionMask = 2147483647;
			files = (
			);
			runOnlyForDeploymentPostprocessing = 0;
		};
/* End PBXFrameworksBuildPhase section */

/* Begin PBXGroup section */
		F805B909273C505100C407A1 /* Views */ = {
			isa = PBXGroup;
			children = (
				F805B910273C531E00C407A1 /* Shared Items */,
				F805B90A273C509B00C407A1 /* Player1.swift */,
				F805B90E273C521A00C407A1 /* Player3.swift */,
			);
			path = Views;
			sourceTree = "<group>";
		};
		F805B910273C531E00C407A1 /* Shared Items */ = {
			isa = PBXGroup;
			children = (
				F8A74CA72739619900103635 /* ContentView.swift */,
				F805B911273C536500C407A1 /* NavigationTitleEnhanced.swift */,
			);
			path = "Shared Items";
			sourceTree = "<group>";
		};
		F8A74C992739619900103635 = {
			isa = PBXGroup;
			children = (
				F8A74CA42739619900103635 /* TradingCardAssignment */,
				F8A74CA32739619900103635 /* Products */,
			);
			sourceTree = "<group>";
		};
		F8A74CA32739619900103635 /* Products */ = {
			isa = PBXGroup;
			children = (
				F8A74CA22739619900103635 /* TradingCardAssignment.app */,
			);
			name = Products;
			sourceTree = "<group>";
		};
		F8A74CA42739619900103635 /* TradingCardAssignment */ = {
			isa = PBXGroup;
			children = (
				F8A74CA52739619900103635 /* TradingCardAssignmentApp.swift */,
				F805B909273C505100C407A1 /* Views */,
				F8A74CA92739619D00103635 /* Assets.xcassets */,
				F8A74CAB2739619D00103635 /* Preview Content */,
			);
			path = TradingCardAssignment;
			sourceTree = "<group>";
		};
		F8A74CAB2739619D00103635 /* Preview Content */ = {
			isa = PBXGroup;
			children = (
				F8A74CAC2739619D00103635 /* Preview Assets.xcassets */,
			);
			path = "Preview Content";
			sourceTree = "<group>";
		};
/* End PBXGroup section */

/* Begin PBXNativeTarget section */
		F8A74CA12739619900103635 /* TradingCardAssignment */ = {
			isa = PBXNativeTarget;
			buildConfigurationList = F8A74CB02739619D00103635 /* Build configuration list for PBXNativeTarget "TradingCardAssignment" */;
			buildPhases = (
				F8A74C9E2739619900103635 /* Sources */,
				F8A74C9F2739619900103635 /* Frameworks */,
				F8A74CA02739619900103635 /* Resources */,
			);
			buildRules = (
			);
			dependencies = (
			);
			name = TradingCardAssignment;
			productName = TradingCardAssignment;
			productReference = F8A74CA22739619900103635 /* TradingCardAssignment.app */;
			productType = "com.apple.product-type.application";
		};
/* End PBXNativeTarget section */

/* Begin PBXProject section */
		F8A74C9A2739619900103635 /* Project object */ = {
			isa = PBXProject;
			attributes = {
				BuildIndependentTargetsInParallel = 1;
				LastSwiftUpdateCheck = 1310;
				LastUpgradeCheck = 1310;
				TargetAttributes = {
					F8A74CA12739619900103635 = {
						CreatedOnToolsVersion = 13.1;
					};
				};
			};
			buildConfigurationList = F8A74C9D2739619900103635 /* Build configuration list for PBXProject "TradingCardAssignment" */;
			compatibilityVersion = "Xcode 13.0";
			developmentRegion = en;
			hasScannedForEncodings = 0;
			knownRegions = (
				en,
				Base,
			);
			mainGroup = F8A74C992739619900103635;
			productRefGroup = F8A74CA32739619900103635 /* Products */;
			projectDirPath = "";
			projectRoot = "";
			targets = (
				F8A74CA12739619900103635 /* TradingCardAssignment */,
			);
		};
/* End PBXProject section */

/* Begin PBXResourcesBuildPhase section */
		F8A74CA02739619900103635 /* Resources */ = {
			isa = PBXResourcesBuildPhase;
			buildActionMask = 2147483647;
			files = (
				F8A74CAD2739619D00103635 /* Preview Assets.xcassets in Resources */,
				F8A74CAA2739619D00103635 /* Assets.xcassets in Resources */,
			);
			runOnlyForDeploymentPostprocessing = 0;
		};
/* End PBXResourcesBuildPhase section */

/* Begin PBXSourcesBuildPhase section */
		F8A74C9E2739619900103635 /* Sources */ = {
			isa = PBXSourcesBuildPhase;
			buildActionMask = 2147483647;
			files = (
				F805B90B273C509B00C407A1 /* Player1.swift in Sources */,
				F805B90F273C521A00C407A1 /* Player3.swift in Sources */,
				F8A74CA82739619900103635 /* ContentView.swift in Sources */,
				F8A74CA62739619900103635 /* TradingCardAssignmentApp.swift in Sources */,
				F805B912273C536500C407A1 /* NavigationTitleEnhanced.swift in Sources */,
			);
			runOnlyForDeploymentPostprocessing = 0;
		};
/* End PBXSourcesBuildPhase section */

/* Begin XCBuildConfiguration section */
		F8A74CAE2739619D00103635 /* Debug */ = {
			isa = XCBuildConfiguration;
			buildSettings = {
				ALWAYS_SEARCH_USER_PATHS = NO;
				CLANG_ANALYZER_NONNULL = YES;
				CLANG_ANALYZER_NUMBER_OBJECT_CONVERSION = YES_AGGRESSIVE;
				CLANG_CXX_LANGUAGE_STANDARD = "gnu++17";
				CLANG_CXX_LIBRARY = "libc++";
				CLANG_ENABLE_MODULES = YES;
				CLANG_ENABLE_OBJC_ARC = YES;
				CLANG_ENABLE_OBJC_WEAK = YES;
				CLANG_WARN_BLOCK_CAPTURE_AUTORELEASING = YES;
				CLANG_WARN_BOOL_CONVERSION = YES;
				CLANG_WARN_COMMA = YES;
				CLANG_WARN_CONSTANT_CONVERSION = YES;
				CLANG_WARN_DEPRECATED_OBJC_IMPLEMENTATIONS = YES;
				CLANG_WARN_DIRECT_OBJC_ISA_USAGE = YES_ERROR;
				CLANG_WARN_DOCUMENTATION_COMMENTS = YES;
				CLANG_WARN_EMPTY_BODY = YES;
				CLANG_WARN_ENUM_CONVERSION = YES;
				CLANG_WARN_INFINITE_RECURSION = YES;
				CLANG_WARN_INT_CONVERSION = YES;
				CLANG_WARN_NON_LITERAL_NULL_CONVERSION = YES;
				CLANG_WARN_OBJC_IMPLICIT_RETAIN_SELF = YES;
				CLANG_WARN_OBJC_LITERAL_CONVERSION = YES;
				CLANG_WARN_OBJC_ROOT_CLASS = YES_ERROR;
				CLANG_WARN_QUOTED_INCLUDE_IN_FRAMEWORK_HEADER = YES;
				CLANG_WARN_RANGE_LOOP_ANALYSIS = YES;
				CLANG_WARN_STRICT_PROTOTYPES = YES;
				CLANG_WARN_SUSPICIOUS_MOVE = YES;
				CLANG_WARN_UNGUARDED_AVAILABILITY = YES_AGGRESSIVE;
				CLANG_WARN_UNREACHABLE_CODE = YES;
				CLANG_WARN__DUPLICATE_METHOD_MATCH = YES;
				COPY_PHASE_STRIP = NO;
				DEBUG_INFORMATION_FORMAT = dwarf;
				ENABLE_STRICT_OBJC_MSGSEND = YES;
				ENABLE_TESTABILITY = YES;
				GCC_C_LANGUAGE_STANDARD = gnu11;
				GCC_DYNAMIC_NO_PIC = NO;
				GCC_NO_COMMON_BLOCKS = YES;
				GCC_OPTIMIZATION_LEVEL = 0;
				GCC_PREPROCESSOR_DEFINITIONS = (
					"DEBUG=1",
					"$(inherited)",
				);
				GCC_WARN_64_TO_32_BIT_CONVERSION = YES;
				GCC_WARN_ABOUT_RETURN_TYPE = YES_ERROR;
				GCC_WARN_UNDECLARED_SELECTOR = YES;
				GCC_WARN_UNINITIALIZED_AUTOS = YES_AGGRESSIVE;
				GCC_WARN_UNUSED_FUNCTION = YES;
				GCC_WARN_UNUSED_VARIABLE = YES;
				IPHONEOS_DEPLOYMENT_TARGET = 15.0;
				MTL_ENABLE_DEBUG_INFO = INCLUDE_SOURCE;
				MTL_FAST_MATH = YES;
				ONLY_ACTIVE_ARCH = YES;
				SDKROOT = iphoneos;
				SWIFT_ACTIVE_COMPILATION_CONDITIONS = DEBUG;
				SWIFT_OPTIMIZATION_LEVEL = "-Onone";
			};
			name = Debug;
		};
		F8A74CAF2739619D00103635 /* Release */ = {
			isa = XCBuildConfiguration;
			buildSettings = {
				ALWAYS_SEARCH_USER_PATHS = NO;
				CLANG_ANALYZER_NONNULL = YES;
				CLANG_ANALYZER_NUMBER_OBJECT_CONVERSION = YES_AGGRESSIVE;
				CLANG_CXX_LANGUAGE_STANDARD = "gnu++17";
				CLANG_CXX_LIBRARY = "libc++";
				CLANG_ENABLE_MODULES = YES;
				CLANG_ENABLE_OBJC_ARC = YES;
				CLANG_ENABLE_OBJC_WEAK = YES;
				CLANG_WARN_BLOCK_CAPTURE_AUTORELEASING = YES;
				CLANG_WARN_BOOL_CONVERSION = YES;
				CLANG_WARN_COMMA = YES;
				CLANG_WARN_CONSTANT_CONVERSION = YES;
				CLANG_WARN_DEPRECATED_OBJC_IMPLEMENTATIONS = YES;
				CLANG_WARN_DIRECT_OBJC_ISA_USAGE = YES_ERROR;
				CLANG_WARN_DOCUMENTATION_COMMENTS = YES;
				CLANG_WARN_EMPTY_BODY = YES;
				CLANG_WARN_ENUM_CONVERSION = YES;
				CLANG_WARN_INFINITE_RECURSION = YES;
				CLANG_WARN_INT_CONVERSION = YES;
				CLANG_WARN_NON_LITERAL_NULL_CONVERSION = YES;
				CLANG_WARN_OBJC_IMPLICIT_RETAIN_SELF = YES;
				CLANG_WARN_OBJC_LITERAL_CONVERSION = YES;
				CLANG_WARN_OBJC_ROOT_CLASS = YES_ERROR;
				CLANG_WARN_QUOTED_INCLUDE_IN_FRAMEWORK_HEADER = YES;
				CLANG_WARN_RANGE_LOOP_ANALYSIS = YES;
				CLANG_WARN_STRICT_PROTOTYPES = YES;
				CLANG_WARN_SUSPICIOUS_MOVE = YES;
				CLANG_WARN_UNGUARDED_AVAILABILITY = YES_AGGRESSIVE;
				CLANG_WARN_UNREACHABLE_CODE = YES;
				CLANG_WARN__DUPLICATE_METHOD_MATCH = YES;
				COPY_PHASE_STRIP = NO;
				DEBUG_INFORMATION_FORMAT = "dwarf-with-dsym";
				ENABLE_NS_ASSERTIONS = NO;
				ENABLE_STRICT_OBJC_MSGSEND = YES;
				GCC_C_LANGUAGE_STANDARD = gnu11;
				GCC_NO_COMMON_BLOCKS = YES;
				GCC_WARN_64_TO_32_BIT_CONVERSION = YES;
				GCC_WARN_ABOUT_RETURN_TYPE = YES_ERROR;
				GCC_WARN_UNDECLARED_SELECTOR = YES;
				GCC_WARN_UNINITIALIZED_AUTOS = YES_AGGRESSIVE;
				GCC_WARN_UNUSED_FUNCTION = YES;
				GCC_WARN_UNUSED_VARIABLE = YES;
				IPHONEOS_DEPLOYMENT_TARGET = 15.0;
				MTL_ENABLE_DEBUG_INFO = NO;
				MTL_FAST_MATH = YES;
				SDKROOT = iphoneos;
				SWIFT_COMPILATION_MODE = wholemodule;
				SWIFT_OPTIMIZATION_LEVEL = "-O";
				VALIDATE_PRODUCT = YES;
			};
			name = Release;
		};
		F8A74CB12739619D00103635 /* Debug */ = {
			isa = XCBuildConfiguration;
			buildSettings = {
				ASSETCATALOG_COMPILER_APPICON_NAME = AppIcon;
				ASSETCATALOG_COMPILER_GLOBAL_ACCENT_COLOR_NAME = AccentColor;
				CODE_SIGN_STYLE = Automatic;
				CURRENT_PROJECT_VERSION = 1;
				DEVELOPMENT_ASSET_PATHS = "\"TradingCardAssignment/Preview Content\"";
				DEVELOPMENT_TEAM = 9P64KWJDC7;
				ENABLE_PREVIEWS = YES;
				GENERATE_INFOPLIST_FILE = YES;
				INFOPLIST_KEY_UIApplicationSceneManifest_Generation = YES;
				INFOPLIST_KEY_UIApplicationSupportsIndirectInputEvents = YES;
				INFOPLIST_KEY_UILaunchScreen_Generation = YES;
				INFOPLIST_KEY_UISupportedInterfaceOrientations_iPad = "UIInterfaceOrientationPortrait UIInterfaceOrientationPortraitUpsideDown UIInterfaceOrientationLandscapeLeft UIInterfaceOrientationLandscapeRight";
				INFOPLIST_KEY_UISupportedInterfaceOrientations_iPhone = "UIInterfaceOrientationPortrait UIInterfaceOrientationLandscapeLeft UIInterfaceOrientationLandscapeRight";
				LD_RUNPATH_SEARCH_PATHS = (
					"$(inherited)",
					"@executable_path/Frameworks",
				);
				MARKETING_VERSION = 1.0;
				PRODUCT_BUNDLE_IDENTIFIER = ca.mattcollyer.TradingCardAssignment;
				PRODUCT_NAME = "$(TARGET_NAME)";
				SWIFT_EMIT_LOC_STRINGS = YES;
				SWIFT_VERSION = 5.0;
				TARGETED_DEVICE_FAMILY = "1,2";
			};
			name = Debug;
		};
		F8A74CB22739619D00103635 /* Release */ = {
			isa = XCBuildConfiguration;
			buildSettings = {
				ASSETCATALOG_COMPILER_APPICON_NAME = AppIcon;
				ASSETCATALOG_COMPILER_GLOBAL_ACCENT_COLOR_NAME = AccentColor;
				CODE_SIGN_STYLE = Automatic;
				CURRENT_PROJECT_VERSION = 1;
				DEVELOPMENT_ASSET_PATHS = "\"TradingCardAssignment/Preview Content\"";
				DEVELOPMENT_TEAM = 9P64KWJDC7;
				ENABLE_PREVIEWS = YES;
				GENERATE_INFOPLIST_FILE = YES;
				INFOPLIST_KEY_UIApplicationSceneManifest_Generation = YES;
				INFOPLIST_KEY_UIApplicationSupportsIndirectInputEvents = YES;
				INFOPLIST_KEY_UILaunchScreen_Generation = YES;
				INFOPLIST_KEY_UISupportedInterfaceOrientations_iPad = "UIInterfaceOrientationPortrait UIInterfaceOrientationPortraitUpsideDown UIInterfaceOrientationLandscapeLeft UIInterfaceOrientationLandscapeRight";
				INFOPLIST_KEY_UISupportedInterfaceOrientations_iPhone = "UIInterfaceOrientationPortrait UIInterfaceOrientationLandscapeLeft UIInterfaceOrientationLandscapeRight";
				LD_RUNPATH_SEARCH_PATHS = (
					"$(inherited)",
					"@executable_path/Frameworks",
				);
				MARKETING_VERSION = 1.0;
				PRODUCT_BUNDLE_IDENTIFIER = ca.mattcollyer.TradingCardAssignment;
				PRODUCT_NAME = "$(TARGET_NAME)";
				SWIFT_EMIT_LOC_STRINGS = YES;
				SWIFT_VERSION = 5.0;
				TARGETED_DEVICE_FAMILY = "1,2";
			};
			name = Release;
		};
/* End XCBuildConfiguration section */

/* Begin XCConfigurationList section */
		F8A74C9D2739619900103635 /* Build configuration list for PBXProject "TradingCardAssignment" */ = {
			isa = XCConfigurationList;
			buildConfigurations = (
				F8A74CAE2739619D00103635 /* Debug */,
				F8A74CAF2739619D00103635 /* Release */,
			);
			defaultConfigurationIsVisible = 0;
			defaultConfigurationName = Release;
		};
		F8A74CB02739619D00103635 /* Build configuration list for PBXNativeTarget "TradingCardAssignment" */ = {
			isa = XCConfigurationList;
			buildConfigurations = (
				F8A74CB12739619D00103635 /* Debug */,
				F8A74CB22739619D00103635 /* Release */,
			);
			defaultConfigurationIsVisible = 0;
			defaultConfigurationName = Release;
		};
/* End XCConfigurationList section */
	};
	rootObject = F8A74C9A2739619900103635 /* Project object */;
}
